{
  "name": "@rhelements/lgtm",
  "version": "1.0.2",
  "lockfileVersion": 1,
  "requires": true,
  "dependencies": {
    "acron": {
      "version": "1.0.1",
      "resolved": "https://registry.npmjs.org/acron/-/acron-1.0.1.tgz",
      "integrity": "sha512-+LE023yZ3S7kUY1SZ2G4Uiq03dM6MI7uzmL7NoT8ATGh1WTwrFiLC3TF5ob8ALtgDNKIeMNePBSda1vjQ300tQ=="
    },
    "lodash": {
      "version": "4.17.13",
      "resolved": "https://registry.npmjs.org/lodash/-/lodash-4.17.13.tgz",
      "integrity": "sha512-vm3/XWXfWtRua0FkUyEHBZy8kCPjErNBT9fJx8Zvs+U6zjqPbTUOpkaoum3O5uiA8sm+yNMHXfYkTUHFoMxFNA=="
    }
  }
}
